Microsoft Visual Studio Solution File, Format Version 8.00
Project("{FAE04EC0-301F-11D3-BF4B-00C04F79EFBC}") = "quickDBExplorer", "quickDBExplorer\quickDBExplorer.csproj", "{EA7BD8AC-2D82-48D4-B44C-C8AA31CDB2F0}"
	ProjectSection(ProjectDependencies) = postProject
		{FD530F44-EA9F-444D-A9A2-807C2489626E} = {FD530F44-EA9F-444D-A9A2-807C2489626E}
		{2B92D958-AA17-4D48-BEB0-9CA792A0015B} = {2B92D958-AA17-4D48-BEB0-9CA792A0015B}
	EndProjectSection
EndProject
Project("{54435603-DBB4-11D2-8724-00A0C9A8B90C}") = "quickDBExplorerInstall", "quickDBExplorerInstall\quickDBExplorerInstall.vdproj", "{98F66D02-FC76-4D2E-BB04-3C470DC7DA39}"
	ProjectSection(ProjectDependencies) = postProject
		{EA7BD8AC-2D82-48D4-B44C-C8AA31CDB2F0} = {EA7BD8AC-2D82-48D4-B44C-C8AA31CDB2F0}
	EndProjectSection
EndProject
Project("{FAE04EC0-301F-11D3-BF4B-00C04F79EFBC}") = "SqlServer2000Driver", "SqlServer2000Driver\SqlServer2000Driver.csproj", "{2B92D958-AA17-4D48-BEB0-9CA792A0015B}"
	ProjectSection(ProjectDependencies) = postProject
	EndProjectSection
EndProject
Project("{FAE04EC0-301F-11D3-BF4B-00C04F79EFBC}") = "SqlServer2005Driver", "SqlServer2005Driver\SqlServer2005Driver.csproj", "{FD530F44-EA9F-444D-A9A2-807C2489626E}"
	ProjectSection(ProjectDependencies) = postProject
	EndProjectSection
EndProject
Project("{FAE04EC0-301F-11D3-BF4B-00C04F79EFBC}") = "ISqlInterface", "ISqlInterface\ISqlInterface.csproj", "{607646D5-0110-4F20-8916-E1C7B75FF090}"
	ProjectSection(ProjectDependencies) = postProject
	EndProjectSection
EndProject
Global
	GlobalSection(SolutionConfiguration) = preSolution
		Debug = Debug
		Release = Release
	EndGlobalSection
	GlobalSection(ProjectDependencies) = postSolution
	EndGlobalSection
	GlobalSection(ProjectConfiguration) = postSolution
		{EA7BD8AC-2D82-48D4-B44C-C8AA31CDB2F0}.Debug.ActiveCfg = Debug|.NET
		{EA7BD8AC-2D82-48D4-B44C-C8AA31CDB2F0}.Debug.Build.0 = Debug|.NET
		{EA7BD8AC-2D82-48D4-B44C-C8AA31CDB2F0}.Release.ActiveCfg = Release|.NET
		{EA7BD8AC-2D82-48D4-B44C-C8AA31CDB2F0}.Release.Build.0 = Release|.NET
		{98F66D02-FC76-4D2E-BB04-3C470DC7DA39}.Debug.ActiveCfg = Debug
		{98F66D02-FC76-4D2E-BB04-3C470DC7DA39}.Release.ActiveCfg = Release
		{98F66D02-FC76-4D2E-BB04-3C470DC7DA39}.Release.Build.0 = Release
		{2B92D958-AA17-4D48-BEB0-9CA792A0015B}.Debug.ActiveCfg = Debug|.NET
		{2B92D958-AA17-4D48-BEB0-9CA792A0015B}.Debug.Build.0 = Debug|.NET
		{2B92D958-AA17-4D48-BEB0-9CA792A0015B}.Release.ActiveCfg = Release|.NET
		{2B92D958-AA17-4D48-BEB0-9CA792A0015B}.Release.Build.0 = Release|.NET
		{FD530F44-EA9F-444D-A9A2-807C2489626E}.Debug.ActiveCfg = Debug|.NET
		{FD530F44-EA9F-444D-A9A2-807C2489626E}.Debug.Build.0 = Debug|.NET
		{FD530F44-EA9F-444D-A9A2-807C2489626E}.Release.ActiveCfg = Release|.NET
		{FD530F44-EA9F-444D-A9A2-807C2489626E}.Release.Build.0 = Release|.NET
		{607646D5-0110-4F20-8916-E1C7B75FF090}.Debug.ActiveCfg = Debug|.NET
		{607646D5-0110-4F20-8916-E1C7B75FF090}.Debug.Build.0 = Debug|.NET
		{607646D5-0110-4F20-8916-E1C7B75FF090}.Release.ActiveCfg = Release|.NET
		{607646D5-0110-4F20-8916-E1C7B75FF090}.Release.Build.0 = Release|.NET
	EndGlobalSection
	GlobalSection(ExtensibilityGlobals) = postSolution
	EndGlobalSection
	GlobalSection(ExtensibilityAddIns) = postSolution
	EndGlobalSection
EndGlobal
