Microsoft Visual Studio Solution File, Format Version 8.00
Project("{FAE04EC0-301F-11D3-BF4B-00C04F79EFBC}") = "quickDBExplorer", "quickDBExplorer\quickDBExplorer.csproj", "{EA7BD8AC-2D82-48D4-B44C-C8AA31CDB2F0}"
	ProjectSection(ProjectDependencies) = postProject
	EndProjectSection
EndProject
Project("{54435603-DBB4-11D2-8724-00A0C9A8B90C}") = "quickDBExplorerInstall", "quickDBExplorerInstall\quickDBExplorerInstall.vdproj", "{98F66D02-FC76-4D2E-BB04-3C470DC7DA39}"
	ProjectSection(ProjectDependencies) = postProject
	EndProjectSection
EndProject
Project("{FAE04EC0-301F-11D3-BF4B-00C04F79EFBC}") = "serialFactory", "serialFactory\serialFactory.csproj", "{78D1D1E4-523A-42B6-AB78-93A328D0B612}"
	ProjectSection(ProjectDependencies) = postProject
	EndProjectSection
EndProject
Global
	GlobalSection(SolutionConfiguration) = preSolution
		Debug = Debug
		Release = Release
	EndGlobalSection
	GlobalSection(ProjectConfiguration) = postSolution
		{EA7BD8AC-2D82-48D4-B44C-C8AA31CDB2F0}.Debug.ActiveCfg = Debug|.NET
		{EA7BD8AC-2D82-48D4-B44C-C8AA31CDB2F0}.Debug.Build.0 = Debug|.NET
		{EA7BD8AC-2D82-48D4-B44C-C8AA31CDB2F0}.Release.ActiveCfg = Release|.NET
		{EA7BD8AC-2D82-48D4-B44C-C8AA31CDB2F0}.Release.Build.0 = Release|.NET
		{98F66D02-FC76-4D2E-BB04-3C470DC7DA39}.Debug.ActiveCfg = Debug
		{98F66D02-FC76-4D2E-BB04-3C470DC7DA39}.Release.ActiveCfg = Release
		{78D1D1E4-523A-42B6-AB78-93A328D0B612}.Debug.ActiveCfg = Debug|.NET
		{78D1D1E4-523A-42B6-AB78-93A328D0B612}.Debug.Build.0 = Debug|.NET
		{78D1D1E4-523A-42B6-AB78-93A328D0B612}.Release.ActiveCfg = Release|.NET
		{78D1D1E4-523A-42B6-AB78-93A328D0B612}.Release.Build.0 = Release|.NET
	EndGlobalSection
	GlobalSection(ExtensibilityGlobals) = postSolution
	EndGlobalSection
	GlobalSection(ExtensibilityAddIns) = postSolution
	EndGlobalSection
EndGlobal
